
Microsoft Visual Studio Solution File, Format Version 12.00
# Visual Studio 2012
Project("{FAE04EC0-301F-11D3-BF4B-00C04F79EFBC}") = "CurrentTimeServer", "CurrentTimeServer\CurrentTimeServer.csproj", "{69459BE1-7304-4489-81B4-9B482C476774}"
EndProject
Project("{FAE04EC0-301F-11D3-BF4B-00C04F79EFBC}") = "CurrentTimeServer.UITests", "CurrentTimeServer.UITests\CurrentTimeServer.UITests.csproj", "{B632766B-CCC9-44D2-88F7-4689A41E5711}"
EndProject
Project("{FAE04EC0-301F-11D3-BF4B-00C04F79EFBC}") = "SweetBlue", "..\..\..\src\SweetBlue\SweetBlue\SweetBlue.csproj", "{070E7011-8E84-4555-89B0-2265D0CE1E5A}"
EndProject
Global
	GlobalSection(SolutionConfigurationPlatforms) = preSolution
		Debug|Any CPU = Debug|Any CPU
		Release|Any CPU = Release|Any CPU
	EndGlobalSection
	GlobalSection(ProjectConfigurationPlatforms) = postSolution
		{070E7011-8E84-4555-89B0-2265D0CE1E5A}.Debug|Any CPU.ActiveCfg = Debug|Any CPU
		{070E7011-8E84-4555-89B0-2265D0CE1E5A}.Debug|Any CPU.Build.0 = Debug|Any CPU
		{070E7011-8E84-4555-89B0-2265D0CE1E5A}.Release|Any CPU.ActiveCfg = Release|Any CPU
		{070E7011-8E84-4555-89B0-2265D0CE1E5A}.Release|Any CPU.Build.0 = Release|Any CPU
		{69459BE1-7304-4489-81B4-9B482C476774}.Debug|Any CPU.ActiveCfg = Debug|Any CPU
		{69459BE1-7304-4489-81B4-9B482C476774}.Debug|Any CPU.Build.0 = Debug|Any CPU
		{69459BE1-7304-4489-81B4-9B482C476774}.Release|Any CPU.ActiveCfg = Release|Any CPU
		{69459BE1-7304-4489-81B4-9B482C476774}.Release|Any CPU.Build.0 = Release|Any CPU
		{B632766B-CCC9-44D2-88F7-4689A41E5711}.Debug|Any CPU.ActiveCfg = Debug|Any CPU
		{B632766B-CCC9-44D2-88F7-4689A41E5711}.Debug|Any CPU.Build.0 = Debug|Any CPU
		{B632766B-CCC9-44D2-88F7-4689A41E5711}.Release|Any CPU.ActiveCfg = Release|Any CPU
		{B632766B-CCC9-44D2-88F7-4689A41E5711}.Release|Any CPU.Build.0 = Release|Any CPU
	EndGlobalSection
EndGlobal
