
Microsoft Visual Studio Solution File, Format Version 12.00
# Visual Studio 2012
Project("{FAE04EC0-301F-11D3-BF4B-00C04F79EFBC}") = "BleUtil", "BleUtil\BleUtil.csproj", "{BF99795E-534F-4789-BE6E-E893CA5ABA56}"
EndProject
Project("{FAE04EC0-301F-11D3-BF4B-00C04F79EFBC}") = "BleUtil.UITests", "BleUtil.UITests\BleUtil.UITests.csproj", "{F0D0FA13-F954-47F0-82AB-10F1A0DFEAE0}"
EndProject
Project("{FAE04EC0-301F-11D3-BF4B-00C04F79EFBC}") = "SweetBlue", "..\..\..\src\SweetBlue\SweetBlue\SweetBlue.csproj", "{070E7011-8E84-4555-89B0-2265D0CE1E5A}"
EndProject
Global
	GlobalSection(SolutionConfigurationPlatforms) = preSolution
		Debug|Any CPU = Debug|Any CPU
		Release|Any CPU = Release|Any CPU
	EndGlobalSection
	GlobalSection(ProjectConfigurationPlatforms) = postSolution
		{070E7011-8E84-4555-89B0-2265D0CE1E5A}.Debug|Any CPU.ActiveCfg = Debug|Any CPU
		{070E7011-8E84-4555-89B0-2265D0CE1E5A}.Debug|Any CPU.Build.0 = Debug|Any CPU
		{070E7011-8E84-4555-89B0-2265D0CE1E5A}.Release|Any CPU.ActiveCfg = Release|Any CPU
		{070E7011-8E84-4555-89B0-2265D0CE1E5A}.Release|Any CPU.Build.0 = Release|Any CPU
		{BF99795E-534F-4789-BE6E-E893CA5ABA56}.Debug|Any CPU.ActiveCfg = Debug|Any CPU
		{BF99795E-534F-4789-BE6E-E893CA5ABA56}.Debug|Any CPU.Build.0 = Debug|Any CPU
		{BF99795E-534F-4789-BE6E-E893CA5ABA56}.Release|Any CPU.ActiveCfg = Release|Any CPU
		{BF99795E-534F-4789-BE6E-E893CA5ABA56}.Release|Any CPU.Build.0 = Release|Any CPU
		{F0D0FA13-F954-47F0-82AB-10F1A0DFEAE0}.Debug|Any CPU.ActiveCfg = Debug|Any CPU
		{F0D0FA13-F954-47F0-82AB-10F1A0DFEAE0}.Debug|Any CPU.Build.0 = Debug|Any CPU
		{F0D0FA13-F954-47F0-82AB-10F1A0DFEAE0}.Release|Any CPU.ActiveCfg = Release|Any CPU
		{F0D0FA13-F954-47F0-82AB-10F1A0DFEAE0}.Release|Any CPU.Build.0 = Release|Any CPU
	EndGlobalSection
EndGlobal
