
Microsoft Visual Studio Solution File, Format Version 12.00
# Visual Studio 2012
Project("{FAE04EC0-301F-11D3-BF4B-00C04F79EFBC}") = "HelloBle", "HelloBle\HelloBle.csproj", "{16DE03C5-E3F1-4FD5-91DA-F29DA1A37FA3}"
EndProject
Project("{FAE04EC0-301F-11D3-BF4B-00C04F79EFBC}") = "HelloBle.UITests", "HelloBle.UITests\HelloBle.UITests.csproj", "{2B25B031-789A-44CF-9BC8-FDADEF82A053}"
EndProject
Project("{FAE04EC0-301F-11D3-BF4B-00C04F79EFBC}") = "SweetBlue", "..\..\..\src\SweetBlue\SweetBlue\SweetBlue.csproj", "{070E7011-8E84-4555-89B0-2265D0CE1E5A}"
EndProject
Global
	GlobalSection(SolutionConfigurationPlatforms) = preSolution
		Debug|Any CPU = Debug|Any CPU
		Release|Any CPU = Release|Any CPU
	EndGlobalSection
	GlobalSection(ProjectConfigurationPlatforms) = postSolution
		{070E7011-8E84-4555-89B0-2265D0CE1E5A}.Debug|Any CPU.ActiveCfg = Debug|Any CPU
		{070E7011-8E84-4555-89B0-2265D0CE1E5A}.Debug|Any CPU.Build.0 = Debug|Any CPU
		{070E7011-8E84-4555-89B0-2265D0CE1E5A}.Release|Any CPU.ActiveCfg = Release|Any CPU
		{070E7011-8E84-4555-89B0-2265D0CE1E5A}.Release|Any CPU.Build.0 = Release|Any CPU
		{16DE03C5-E3F1-4FD5-91DA-F29DA1A37FA3}.Debug|Any CPU.ActiveCfg = Debug|Any CPU
		{16DE03C5-E3F1-4FD5-91DA-F29DA1A37FA3}.Debug|Any CPU.Build.0 = Debug|Any CPU
		{16DE03C5-E3F1-4FD5-91DA-F29DA1A37FA3}.Release|Any CPU.ActiveCfg = Release|Any CPU
		{16DE03C5-E3F1-4FD5-91DA-F29DA1A37FA3}.Release|Any CPU.Build.0 = Release|Any CPU
		{2B25B031-789A-44CF-9BC8-FDADEF82A053}.Debug|Any CPU.ActiveCfg = Debug|Any CPU
		{2B25B031-789A-44CF-9BC8-FDADEF82A053}.Debug|Any CPU.Build.0 = Debug|Any CPU
		{2B25B031-789A-44CF-9BC8-FDADEF82A053}.Release|Any CPU.ActiveCfg = Release|Any CPU
		{2B25B031-789A-44CF-9BC8-FDADEF82A053}.Release|Any CPU.Build.0 = Release|Any CPU
	EndGlobalSection
EndGlobal
