
Microsoft Visual Studio Solution File, Format Version 12.00
# Visual Studio 2012
Project("{FAE04EC0-301F-11D3-BF4B-00C04F79EFBC}") = "SweetBlue", "SweetBlue\SweetBlue.csproj", "{070E7011-8E84-4555-89B0-2265D0CE1E5A}"
EndProject
Global
	GlobalSection(SolutionConfigurationPlatforms) = preSolution
		Debug|Any CPU = Debug|Any CPU
		Release|Any CPU = Release|Any CPU
	EndGlobalSection
	GlobalSection(ProjectConfigurationPlatforms) = postSolution
		{070E7011-8E84-4555-89B0-2265D0CE1E5A}.Debug|Any CPU.ActiveCfg = Debug|Any CPU
		{070E7011-8E84-4555-89B0-2265D0CE1E5A}.Debug|Any CPU.Build.0 = Debug|Any CPU
		{070E7011-8E84-4555-89B0-2265D0CE1E5A}.Release|Any CPU.ActiveCfg = Release|Any CPU
		{070E7011-8E84-4555-89B0-2265D0CE1E5A}.Release|Any CPU.Build.0 = Release|Any CPU
	EndGlobalSection
	GlobalSection(MonoDevelopProperties) = preSolution
		Policies = $0
		$0.DotNetNamingPolicy = $1
		$1.DirectoryNamespaceAssociation = None
		$1.ResourceNamePolicy = FileFormatDefault
		$0.VersionControlPolicy = $2
		$2.inheritsSet = Mono
		version = 2.15.14
	EndGlobalSection
EndGlobal
